
Microsoft Visual Studio Solution File, Format Version 12.00
# Visual Studio Version 16
VisualStudioVersion = 16.0.31005.135
MinimumVisualStudioVersion = 10.0.40219.1
Project("{FAE04EC0-301F-11D3-BF4B-00C04F79EFBC}") = "MakeConst", "MakeConst\MakeConst\MakeConst.csproj", "{4E3CE4AA-8BDC-444C-B9E8-23699522DF47}"
EndProject
Project("{FAE04EC0-301F-11D3-BF4B-00C04F79EFBC}") = "MakeConst.CodeFixes", "MakeConst\MakeConst.CodeFixes\MakeConst.CodeFixes.csproj", "{503477BC-12BC-468B-8F27-1B479B9F62E2}"
EndProject
Project("{FAE04EC0-301F-11D3-BF4B-00C04F79EFBC}") = "MakeConst.Package", "MakeConst\MakeConst.Package\MakeConst.Package.csproj", "{EB3559BD-ED1E-4C90-BE29-50330F0E85F6}"
EndProject
Project("{FAE04EC0-301F-11D3-BF4B-00C04F79EFBC}") = "MakeConst.Test", "MakeConst\MakeConst.Test\MakeConst.Test.csproj", "{8D42E089-602F-47C5-94AC-04437F505092}"
EndProject
Project("{FAE04EC0-301F-11D3-BF4B-00C04F79EFBC}") = "MakeConst.Vsix", "MakeConst\MakeConst.Vsix\MakeConst.Vsix.csproj", "{DD48A62D-93CC-4F97-9B82-2F7C9099E9F5}"
EndProject
Global
	GlobalSection(SolutionConfigurationPlatforms) = preSolution
		Debug|Any CPU = Debug|Any CPU
		Release|Any CPU = Release|Any CPU
	EndGlobalSection
	GlobalSection(ProjectConfigurationPlatforms) = postSolution
		{4E3CE4AA-8BDC-444C-B9E8-23699522DF47}.Debug|Any CPU.ActiveCfg = Debug|Any CPU
		{4E3CE4AA-8BDC-444C-B9E8-23699522DF47}.Debug|Any CPU.Build.0 = Debug|Any CPU
		{4E3CE4AA-8BDC-444C-B9E8-23699522DF47}.Release|Any CPU.ActiveCfg = Release|Any CPU
		{4E3CE4AA-8BDC-444C-B9E8-23699522DF47}.Release|Any CPU.Build.0 = Release|Any CPU
		{503477BC-12BC-468B-8F27-1B479B9F62E2}.Debug|Any CPU.ActiveCfg = Debug|Any CPU
		{503477BC-12BC-468B-8F27-1B479B9F62E2}.Debug|Any CPU.Build.0 = Debug|Any CPU
		{503477BC-12BC-468B-8F27-1B479B9F62E2}.Release|Any CPU.ActiveCfg = Release|Any CPU
		{503477BC-12BC-468B-8F27-1B479B9F62E2}.Release|Any CPU.Build.0 = Release|Any CPU
		{EB3559BD-ED1E-4C90-BE29-50330F0E85F6}.Debug|Any CPU.ActiveCfg = Debug|Any CPU
		{EB3559BD-ED1E-4C90-BE29-50330F0E85F6}.Debug|Any CPU.Build.0 = Debug|Any CPU
		{EB3559BD-ED1E-4C90-BE29-50330F0E85F6}.Release|Any CPU.ActiveCfg = Release|Any CPU
		{EB3559BD-ED1E-4C90-BE29-50330F0E85F6}.Release|Any CPU.Build.0 = Release|Any CPU
		{8D42E089-602F-47C5-94AC-04437F505092}.Debug|Any CPU.ActiveCfg = Debug|Any CPU
		{8D42E089-602F-47C5-94AC-04437F505092}.Debug|Any CPU.Build.0 = Debug|Any CPU
		{8D42E089-602F-47C5-94AC-04437F505092}.Release|Any CPU.ActiveCfg = Release|Any CPU
		{8D42E089-602F-47C5-94AC-04437F505092}.Release|Any CPU.Build.0 = Release|Any CPU
		{DD48A62D-93CC-4F97-9B82-2F7C9099E9F5}.Debug|Any CPU.ActiveCfg = Debug|Any CPU
		{DD48A62D-93CC-4F97-9B82-2F7C9099E9F5}.Debug|Any CPU.Build.0 = Debug|Any CPU
		{DD48A62D-93CC-4F97-9B82-2F7C9099E9F5}.Release|Any CPU.ActiveCfg = Release|Any CPU
		{DD48A62D-93CC-4F97-9B82-2F7C9099E9F5}.Release|Any CPU.Build.0 = Release|Any CPU
	EndGlobalSection
	GlobalSection(SolutionProperties) = preSolution
		HideSolutionNode = FALSE
	EndGlobalSection
	GlobalSection(ExtensibilityGlobals) = postSolution
		SolutionGuid = {6BAC39DF-9E76-40AC-9AEA-BAA194FEB11E}
	EndGlobalSection
EndGlobal
