
Microsoft Visual Studio Solution File, Format Version 12.00
# Visual Studio Version 16
VisualStudioVersion = 16.0.31112.23
MinimumVisualStudioVersion = 10.0.40219.1
Project("{FAE04EC0-301F-11D3-BF4B-00C04F79EFBC}") = "AuthorizeAnalyzer", "AuthorizeAnalyzer\AuthorizeAnalyzer\AuthorizeAnalyzer.csproj", "{06C56636-D761-47A6-9EF2-80AAA12382A3}"
EndProject
Project("{FAE04EC0-301F-11D3-BF4B-00C04F79EFBC}") = "AuthorizeAnalyzer.CodeFixes", "AuthorizeAnalyzer\AuthorizeAnalyzer.CodeFixes\AuthorizeAnalyzer.CodeFixes.csproj", "{C9CD3C60-AE9B-42B5-8947-DF0F6572265B}"
EndProject
Project("{FAE04EC0-301F-11D3-BF4B-00C04F79EFBC}") = "AuthorizeAnalyzer.Package", "AuthorizeAnalyzer\AuthorizeAnalyzer.Package\AuthorizeAnalyzer.Package.csproj", "{07B2F754-158F-4C5F-9DCF-1BE9F8F970B5}"
EndProject
Project("{FAE04EC0-301F-11D3-BF4B-00C04F79EFBC}") = "AuthorizeAnalyzer.Test", "AuthorizeAnalyzer\AuthorizeAnalyzer.Test\AuthorizeAnalyzer.Test.csproj", "{6E939E26-29AD-453D-B96F-973532912E7F}"
EndProject
Project("{FAE04EC0-301F-11D3-BF4B-00C04F79EFBC}") = "AuthorizeAnalyzer.Vsix", "AuthorizeAnalyzer\AuthorizeAnalyzer.Vsix\AuthorizeAnalyzer.Vsix.csproj", "{FD1292CD-8CC1-48BF-86EB-DD5DDD8AE0AD}"
EndProject
Global
	GlobalSection(SolutionConfigurationPlatforms) = preSolution
		Debug|Any CPU = Debug|Any CPU
		Release|Any CPU = Release|Any CPU
	EndGlobalSection
	GlobalSection(ProjectConfigurationPlatforms) = postSolution
		{06C56636-D761-47A6-9EF2-80AAA12382A3}.Debug|Any CPU.ActiveCfg = Debug|Any CPU
		{06C56636-D761-47A6-9EF2-80AAA12382A3}.Debug|Any CPU.Build.0 = Debug|Any CPU
		{06C56636-D761-47A6-9EF2-80AAA12382A3}.Release|Any CPU.ActiveCfg = Release|Any CPU
		{06C56636-D761-47A6-9EF2-80AAA12382A3}.Release|Any CPU.Build.0 = Release|Any CPU
		{C9CD3C60-AE9B-42B5-8947-DF0F6572265B}.Debug|Any CPU.ActiveCfg = Debug|Any CPU
		{C9CD3C60-AE9B-42B5-8947-DF0F6572265B}.Debug|Any CPU.Build.0 = Debug|Any CPU
		{C9CD3C60-AE9B-42B5-8947-DF0F6572265B}.Release|Any CPU.ActiveCfg = Release|Any CPU
		{C9CD3C60-AE9B-42B5-8947-DF0F6572265B}.Release|Any CPU.Build.0 = Release|Any CPU
		{07B2F754-158F-4C5F-9DCF-1BE9F8F970B5}.Debug|Any CPU.ActiveCfg = Debug|Any CPU
		{07B2F754-158F-4C5F-9DCF-1BE9F8F970B5}.Debug|Any CPU.Build.0 = Debug|Any CPU
		{07B2F754-158F-4C5F-9DCF-1BE9F8F970B5}.Release|Any CPU.ActiveCfg = Release|Any CPU
		{07B2F754-158F-4C5F-9DCF-1BE9F8F970B5}.Release|Any CPU.Build.0 = Release|Any CPU
		{6E939E26-29AD-453D-B96F-973532912E7F}.Debug|Any CPU.ActiveCfg = Debug|Any CPU
		{6E939E26-29AD-453D-B96F-973532912E7F}.Debug|Any CPU.Build.0 = Debug|Any CPU
		{6E939E26-29AD-453D-B96F-973532912E7F}.Release|Any CPU.ActiveCfg = Release|Any CPU
		{6E939E26-29AD-453D-B96F-973532912E7F}.Release|Any CPU.Build.0 = Release|Any CPU
		{FD1292CD-8CC1-48BF-86EB-DD5DDD8AE0AD}.Debug|Any CPU.ActiveCfg = Debug|Any CPU
		{FD1292CD-8CC1-48BF-86EB-DD5DDD8AE0AD}.Debug|Any CPU.Build.0 = Debug|Any CPU
		{FD1292CD-8CC1-48BF-86EB-DD5DDD8AE0AD}.Release|Any CPU.ActiveCfg = Release|Any CPU
		{FD1292CD-8CC1-48BF-86EB-DD5DDD8AE0AD}.Release|Any CPU.Build.0 = Release|Any CPU
	EndGlobalSection
	GlobalSection(SolutionProperties) = preSolution
		HideSolutionNode = FALSE
	EndGlobalSection
	GlobalSection(ExtensibilityGlobals) = postSolution
		SolutionGuid = {86BB0E61-6149-43EE-B854-DABB34D3220F}
	EndGlobalSection
EndGlobal
