
Microsoft Visual Studio Solution File, Format Version 12.00
# Visual Studio Version 16
VisualStudioVersion = 16.0.31515.178
MinimumVisualStudioVersion = 10.0.40219.1
Project("{FAE04EC0-301F-11D3-BF4B-00C04F79EFBC}") = "NamingAnalyzer", "NamingAnalyzer\NamingAnalyzer\NamingAnalyzer.csproj", "{34D1543F-835D-422F-BC97-E05348E643D1}"
EndProject
Project("{FAE04EC0-301F-11D3-BF4B-00C04F79EFBC}") = "NamingAnalyzer.Package", "NamingAnalyzer\NamingAnalyzer.Package\NamingAnalyzer.Package.csproj", "{64C91169-BAE1-4ECB-917F-7FD76DF5CA4E}"
EndProject
Project("{FAE04EC0-301F-11D3-BF4B-00C04F79EFBC}") = "NamingAnalyzer.Test", "NamingAnalyzer\NamingAnalyzer.Test\NamingAnalyzer.Test.csproj", "{A35016C5-F824-4EAD-834C-B266F645B478}"
EndProject
Project("{FAE04EC0-301F-11D3-BF4B-00C04F79EFBC}") = "NamingAnalyzer.Vsix", "NamingAnalyzer\NamingAnalyzer.Vsix\NamingAnalyzer.Vsix.csproj", "{B302A56D-070D-49AE-B698-858B24EA29F6}"
EndProject
Global
	GlobalSection(SolutionConfigurationPlatforms) = preSolution
		Debug|Any CPU = Debug|Any CPU
		Release|Any CPU = Release|Any CPU
	EndGlobalSection
	GlobalSection(ProjectConfigurationPlatforms) = postSolution
		{34D1543F-835D-422F-BC97-E05348E643D1}.Debug|Any CPU.ActiveCfg = Debug|Any CPU
		{34D1543F-835D-422F-BC97-E05348E643D1}.Debug|Any CPU.Build.0 = Debug|Any CPU
		{34D1543F-835D-422F-BC97-E05348E643D1}.Release|Any CPU.ActiveCfg = Release|Any CPU
		{34D1543F-835D-422F-BC97-E05348E643D1}.Release|Any CPU.Build.0 = Release|Any CPU
		{64C91169-BAE1-4ECB-917F-7FD76DF5CA4E}.Debug|Any CPU.ActiveCfg = Debug|Any CPU
		{64C91169-BAE1-4ECB-917F-7FD76DF5CA4E}.Debug|Any CPU.Build.0 = Debug|Any CPU
		{64C91169-BAE1-4ECB-917F-7FD76DF5CA4E}.Release|Any CPU.ActiveCfg = Release|Any CPU
		{64C91169-BAE1-4ECB-917F-7FD76DF5CA4E}.Release|Any CPU.Build.0 = Release|Any CPU
		{A35016C5-F824-4EAD-834C-B266F645B478}.Debug|Any CPU.ActiveCfg = Debug|Any CPU
		{A35016C5-F824-4EAD-834C-B266F645B478}.Debug|Any CPU.Build.0 = Debug|Any CPU
		{A35016C5-F824-4EAD-834C-B266F645B478}.Release|Any CPU.ActiveCfg = Release|Any CPU
		{A35016C5-F824-4EAD-834C-B266F645B478}.Release|Any CPU.Build.0 = Release|Any CPU
		{B302A56D-070D-49AE-B698-858B24EA29F6}.Debug|Any CPU.ActiveCfg = Debug|Any CPU
		{B302A56D-070D-49AE-B698-858B24EA29F6}.Debug|Any CPU.Build.0 = Debug|Any CPU
		{B302A56D-070D-49AE-B698-858B24EA29F6}.Release|Any CPU.ActiveCfg = Release|Any CPU
		{B302A56D-070D-49AE-B698-858B24EA29F6}.Release|Any CPU.Build.0 = Release|Any CPU
	EndGlobalSection
	GlobalSection(SolutionProperties) = preSolution
		HideSolutionNode = FALSE
	EndGlobalSection
	GlobalSection(ExtensibilityGlobals) = postSolution
		SolutionGuid = {E7907200-92B1-4E7E-A748-516BF6C2BCC7}
	EndGlobalSection
EndGlobal
