
Microsoft Visual Studio Solution File, Format Version 12.00
# Visual Studio Version 17
VisualStudioVersion = 17.3.32811.315
MinimumVisualStudioVersion = 10.0.40219.1
Project("{FAE04EC0-301F-11D3-BF4B-00C04F79EFBC}") = "OperationIdAnalyzer", "OperationIdAnalyzer\OperationIdAnalyzer\OperationIdAnalyzer.csproj", "{73B98509-7411-49E3-8B54-EABE450DF5F6}"
EndProject
Project("{FAE04EC0-301F-11D3-BF4B-00C04F79EFBC}") = "OperationIdAnalyzer.CodeFixes", "OperationIdAnalyzer\OperationIdAnalyzer.CodeFixes\OperationIdAnalyzer.CodeFixes.csproj", "{2083F3D9-2AC6-444D-A03A-1390C158AE9B}"
EndProject
Project("{FAE04EC0-301F-11D3-BF4B-00C04F79EFBC}") = "OperationIdAnalyzer.Package", "OperationIdAnalyzer\OperationIdAnalyzer.Package\OperationIdAnalyzer.Package.csproj", "{1559DB41-0B48-4526-A02E-9FE57B687475}"
EndProject
Project("{FAE04EC0-301F-11D3-BF4B-00C04F79EFBC}") = "OperationIdAnalyzer.Test", "OperationIdAnalyzer\OperationIdAnalyzer.Test\OperationIdAnalyzer.Test.csproj", "{CA287982-A1F4-42A1-B683-2DC55816D641}"
EndProject
Project("{FAE04EC0-301F-11D3-BF4B-00C04F79EFBC}") = "OperationIdAnalyzer.Vsix", "OperationIdAnalyzer\OperationIdAnalyzer.Vsix\OperationIdAnalyzer.Vsix.csproj", "{980E8CF1-6D63-4F0D-AC3C-753020AD3D75}"
EndProject
Global
	GlobalSection(SolutionConfigurationPlatforms) = preSolution
		Debug|Any CPU = Debug|Any CPU
		Release|Any CPU = Release|Any CPU
	EndGlobalSection
	GlobalSection(ProjectConfigurationPlatforms) = postSolution
		{73B98509-7411-49E3-8B54-EABE450DF5F6}.Debug|Any CPU.ActiveCfg = Debug|Any CPU
		{73B98509-7411-49E3-8B54-EABE450DF5F6}.Debug|Any CPU.Build.0 = Debug|Any CPU
		{73B98509-7411-49E3-8B54-EABE450DF5F6}.Release|Any CPU.ActiveCfg = Release|Any CPU
		{73B98509-7411-49E3-8B54-EABE450DF5F6}.Release|Any CPU.Build.0 = Release|Any CPU
		{2083F3D9-2AC6-444D-A03A-1390C158AE9B}.Debug|Any CPU.ActiveCfg = Debug|Any CPU
		{2083F3D9-2AC6-444D-A03A-1390C158AE9B}.Debug|Any CPU.Build.0 = Debug|Any CPU
		{2083F3D9-2AC6-444D-A03A-1390C158AE9B}.Release|Any CPU.ActiveCfg = Release|Any CPU
		{2083F3D9-2AC6-444D-A03A-1390C158AE9B}.Release|Any CPU.Build.0 = Release|Any CPU
		{1559DB41-0B48-4526-A02E-9FE57B687475}.Debug|Any CPU.ActiveCfg = Debug|Any CPU
		{1559DB41-0B48-4526-A02E-9FE57B687475}.Debug|Any CPU.Build.0 = Debug|Any CPU
		{1559DB41-0B48-4526-A02E-9FE57B687475}.Release|Any CPU.ActiveCfg = Release|Any CPU
		{1559DB41-0B48-4526-A02E-9FE57B687475}.Release|Any CPU.Build.0 = Release|Any CPU
		{CA287982-A1F4-42A1-B683-2DC55816D641}.Debug|Any CPU.ActiveCfg = Debug|Any CPU
		{CA287982-A1F4-42A1-B683-2DC55816D641}.Debug|Any CPU.Build.0 = Debug|Any CPU
		{CA287982-A1F4-42A1-B683-2DC55816D641}.Release|Any CPU.ActiveCfg = Release|Any CPU
		{CA287982-A1F4-42A1-B683-2DC55816D641}.Release|Any CPU.Build.0 = Release|Any CPU
		{980E8CF1-6D63-4F0D-AC3C-753020AD3D75}.Debug|Any CPU.ActiveCfg = Debug|Any CPU
		{980E8CF1-6D63-4F0D-AC3C-753020AD3D75}.Debug|Any CPU.Build.0 = Debug|Any CPU
		{980E8CF1-6D63-4F0D-AC3C-753020AD3D75}.Release|Any CPU.ActiveCfg = Release|Any CPU
		{980E8CF1-6D63-4F0D-AC3C-753020AD3D75}.Release|Any CPU.Build.0 = Release|Any CPU
	EndGlobalSection
	GlobalSection(SolutionProperties) = preSolution
		HideSolutionNode = FALSE
	EndGlobalSection
	GlobalSection(ExtensibilityGlobals) = postSolution
		SolutionGuid = {0C6D82F1-F6CC-4A76-B5CC-B00980EBCDFF}
	EndGlobalSection
EndGlobal
